
Microsoft Visual Studio Solution File, Format Version 12.00
# Visual Studio Version 16
VisualStudioVersion = 16.0.31729.503
MinimumVisualStudioVersion = 10.0.40219.1
Project("{9A19103F-16F7-4668-BE54-9A1E7A4F7556}") = "HebrewNLP", "HebrewNLP\HebrewNLP.csproj", "{F1E34F74-92FC-4409-A7F5-BD27BA341EDB}"
EndProject
Global
	GlobalSection(SolutionConfigurationPlatforms) = preSolution
		Debug|Any CPU = Debug|Any CPU
		Release|Any CPU = Release|Any CPU
	EndGlobalSection
	GlobalSection(ProjectConfigurationPlatforms) = postSolution
		{F1E34F74-92FC-4409-A7F5-BD27BA341EDB}.Debug|Any CPU.ActiveCfg = Debug|Any CPU
		{F1E34F74-92FC-4409-A7F5-BD27BA341EDB}.Debug|Any CPU.Build.0 = Debug|Any CPU
		{F1E34F74-92FC-4409-A7F5-BD27BA341EDB}.Release|Any CPU.ActiveCfg = Release|Any CPU
		{F1E34F74-92FC-4409-A7F5-BD27BA341EDB}.Release|Any CPU.Build.0 = Release|Any CPU
	EndGlobalSection
	GlobalSection(SolutionProperties) = preSolution
		HideSolutionNode = FALSE
	EndGlobalSection
	GlobalSection(ExtensibilityGlobals) = postSolution
		SolutionGuid = {A604CF10-CD60-447C-AF66-CB7DE12B62F5}
	EndGlobalSection
EndGlobal
